
Microsoft Visual Studio Solution File, Format Version 12.00
# Visual Studio Version 16
VisualStudioVersion = 16.0.30204.135
MinimumVisualStudioVersion = 10.0.40219.1
Project("{FAE04EC0-301F-11D3-BF4B-00C04F79EFBC}") = "Calculator", "Calculator\Calculator.csproj", "{90B4DB11-3F6B-405F-9801-D824587C2500}"
EndProject
Global
	GlobalSection(SolutionConfigurationPlatforms) = preSolution
		Debug|Any CPU = Debug|Any CPU
		Release|Any CPU = Release|Any CPU
	EndGlobalSection
	GlobalSection(ProjectConfigurationPlatforms) = postSolution
		{90B4DB11-3F6B-405F-9801-D824587C2500}.Debug|Any CPU.ActiveCfg = Debug|Any CPU
		{90B4DB11-3F6B-405F-9801-D824587C2500}.Debug|Any CPU.Build.0 = Debug|Any CPU
		{90B4DB11-3F6B-405F-9801-D824587C2500}.Release|Any CPU.ActiveCfg = Release|Any CPU
		{90B4DB11-3F6B-405F-9801-D824587C2500}.Release|Any CPU.Build.0 = Release|Any CPU
	EndGlobalSection
	GlobalSection(SolutionProperties) = preSolution
		HideSolutionNode = FALSE
	EndGlobalSection
	GlobalSection(ExtensibilityGlobals) = postSolution
		SolutionGuid = {41D4E9B6-DC5D-41BA-A642-9F5B03EF4B61}
	EndGlobalSection
EndGlobal
