
Microsoft Visual Studio Solution File, Format Version 12.00
# Visual Studio Version 16
VisualStudioVersion = 16.0.29709.97
MinimumVisualStudioVersion = 10.0.40219.1
Project("{FAE04EC0-301F-11D3-BF4B-00C04F79EFBC}") = "URLEncodeDecode", "URLEncodeDecode\URLEncodeDecode.csproj", "{E6678AF5-147B-470C-AD33-488DCAA73EC5}"
EndProject
Global
	GlobalSection(SolutionConfigurationPlatforms) = preSolution
		Debug|Any CPU = Debug|Any CPU
		Release|Any CPU = Release|Any CPU
	EndGlobalSection
	GlobalSection(ProjectConfigurationPlatforms) = postSolution
		{E6678AF5-147B-470C-AD33-488DCAA73EC5}.Debug|Any CPU.ActiveCfg = Debug|Any CPU
		{E6678AF5-147B-470C-AD33-488DCAA73EC5}.Debug|Any CPU.Build.0 = Debug|Any CPU
		{E6678AF5-147B-470C-AD33-488DCAA73EC5}.Release|Any CPU.ActiveCfg = Release|Any CPU
		{E6678AF5-147B-470C-AD33-488DCAA73EC5}.Release|Any CPU.Build.0 = Release|Any CPU
	EndGlobalSection
	GlobalSection(SolutionProperties) = preSolution
		HideSolutionNode = FALSE
	EndGlobalSection
	GlobalSection(ExtensibilityGlobals) = postSolution
		SolutionGuid = {26311FF0-AD46-4876-8F64-E1C76B0829DC}
	EndGlobalSection
EndGlobal
